
Microsoft Visual Studio Solution File, Format Version 12.00
# Visual Studio Version 17
VisualStudioVersion = 17.1.32228.430
MinimumVisualStudioVersion = 10.0.40219.1
Project("{FAE04EC0-301F-11D3-BF4B-00C04F79EFBC}") = "APBD_09", "APBD_09\APBD_09.csproj", "{39448F84-B9DC-4E53-8B63-C254A16D3DC4}"
EndProject
Global
	GlobalSection(SolutionConfigurationPlatforms) = preSolution
		Debug|Any CPU = Debug|Any CPU
		Release|Any CPU = Release|Any CPU
	EndGlobalSection
	GlobalSection(ProjectConfigurationPlatforms) = postSolution
		{39448F84-B9DC-4E53-8B63-C254A16D3DC4}.Debug|Any CPU.ActiveCfg = Debug|Any CPU
		{39448F84-B9DC-4E53-8B63-C254A16D3DC4}.Debug|Any CPU.Build.0 = Debug|Any CPU
		{39448F84-B9DC-4E53-8B63-C254A16D3DC4}.Release|Any CPU.ActiveCfg = Release|Any CPU
		{39448F84-B9DC-4E53-8B63-C254A16D3DC4}.Release|Any CPU.Build.0 = Release|Any CPU
	EndGlobalSection
	GlobalSection(SolutionProperties) = preSolution
		HideSolutionNode = FALSE
	EndGlobalSection
	GlobalSection(ExtensibilityGlobals) = postSolution
		SolutionGuid = {C671CA1F-D44B-4580-ADE5-336180757A61}
	EndGlobalSection
EndGlobal
